
Microsoft Visual Studio Solution File, Format Version 12.00
# Visual Studio Version 16
VisualStudioVersion = 16.0.30804.86
MinimumVisualStudioVersion = 10.0.40219.1
Project("{9A19103F-16F7-4668-BE54-9A1E7A4F7556}") = "GdS3", "GdS3\GdS3.csproj", "{5A427E65-A5AA-4B25-9CE1-36144A36295B}"
EndProject
Global
	GlobalSection(SolutionConfigurationPlatforms) = preSolution
		Debug|Any CPU = Debug|Any CPU
		Release|Any CPU = Release|Any CPU
	EndGlobalSection
	GlobalSection(ProjectConfigurationPlatforms) = postSolution
		{5A427E65-A5AA-4B25-9CE1-36144A36295B}.Debug|Any CPU.ActiveCfg = Debug|Any CPU
		{5A427E65-A5AA-4B25-9CE1-36144A36295B}.Debug|Any CPU.Build.0 = Debug|Any CPU
		{5A427E65-A5AA-4B25-9CE1-36144A36295B}.Release|Any CPU.ActiveCfg = Release|Any CPU
		{5A427E65-A5AA-4B25-9CE1-36144A36295B}.Release|Any CPU.Build.0 = Release|Any CPU
	EndGlobalSection
	GlobalSection(SolutionProperties) = preSolution
		HideSolutionNode = FALSE
	EndGlobalSection
	GlobalSection(ExtensibilityGlobals) = postSolution
		SolutionGuid = {B935D371-8568-4BF9-8B18-C7E9A00BBDE0}
	EndGlobalSection
EndGlobal
